// !$*UTF8*$!
{
	archiveVersion = 1;
	classes = {
	};
	objectVersion = 46;
	objects = {

/* Begin PBXBuildFile section */
		5713A6431F12A4C90096F0FE /* Generator.swift in Sources */ = {isa = PBXBuildFile; fileRef = 5713A6421F12A4C90096F0FE /* Generator.swift */; };
		5713A6441F12A4C90096F0FE /* Generator.swift in Sources */ = {isa = PBXBuildFile; fileRef = 5713A6421F12A4C90096F0FE /* Generator.swift */; };
		5713A6461F12A73C0096F0FE /* GeneratorTests.swift in Sources */ = {isa = PBXBuildFile; fileRef = 5713A6451F12A73C0096F0FE /* GeneratorTests.swift */; };
		5713A6481F12AB240096F0FE /* Gnome+Methods.swift in Sources */ = {isa = PBXBuildFile; fileRef = 5713A6471F12AB240096F0FE /* Gnome+Methods.swift */; };
		5713A6491F12AB240096F0FE /* Gnome+Methods.swift in Sources */ = {isa = PBXBuildFile; fileRef = 5713A6471F12AB240096F0FE /* Gnome+Methods.swift */; };
		5713A64B1F12AF060096F0FE /* GnomeTests.swift in Sources */ = {isa = PBXBuildFile; fileRef = 5713A64A1F12AF060096F0FE /* GnomeTests.swift */; };
		5713A64D1F12C9A30096F0FE /* GnomeListViewModelTests.swift in Sources */ = {isa = PBXBuildFile; fileRef = 5713A64C1F12C9A30096F0FE /* GnomeListViewModelTests.swift */; };
		5713A6501F12CB290096F0FE /* NSManagedObjectContext+Default.swift in Sources */ = {isa = PBXBuildFile; fileRef = 5713A64F1F12CB290096F0FE /* NSManagedObjectContext+Default.swift */; };
		5713A6511F12CB290096F0FE /* NSManagedObjectContext+Default.swift in Sources */ = {isa = PBXBuildFile; fileRef = 5713A64F1F12CB290096F0FE /* NSManagedObjectContext+Default.swift */; };
		5733FFF11F14873F002573F0 /* GnomeCell.swift in Sources */ = {isa = PBXBuildFile; fileRef = 5733FFEF1F14873F002573F0 /* GnomeCell.swift */; };
		5733FFF31F14873F002573F0 /* GnomeCell.xib in Resources */ = {isa = PBXBuildFile; fileRef = 5733FFF01F14873F002573F0 /* GnomeCell.xib */; };
		5733FFF41F14873F002573F0 /* GnomeCell.xib in Resources */ = {isa = PBXBuildFile; fileRef = 5733FFF01F14873F002573F0 /* GnomeCell.xib */; };
		573598FE1F1004B900821FFA /* CoreData.framework in Frameworks */ = {isa = PBXBuildFile; fileRef = 573598FD1F1004B900821FFA /* CoreData.framework */; };
		573599021F1004F400821FFA /* Model.xcdatamodeld in Sources */ = {isa = PBXBuildFile; fileRef = 573599001F1004F400821FFA /* Model.xcdatamodeld */; };
		573599031F1004F400821FFA /* Model.xcdatamodeld in Sources */ = {isa = PBXBuildFile; fileRef = 573599001F1004F400821FFA /* Model.xcdatamodeld */; };
		573599081F1005D100821FFA /* CoreDataStack.swift in Sources */ = {isa = PBXBuildFile; fileRef = 573599061F1005D100821FFA /* CoreDataStack.swift */; };
		573599091F1005D100821FFA /* CoreDataStack.swift in Sources */ = {isa = PBXBuildFile; fileRef = 573599061F1005D100821FFA /* CoreDataStack.swift */; };
		5735990A1F1005D100821FFA /* NetworkManager.swift in Sources */ = {isa = PBXBuildFile; fileRef = 573599071F1005D100821FFA /* NetworkManager.swift */; };
		5735990B1F1005D100821FFA /* NetworkManager.swift in Sources */ = {isa = PBXBuildFile; fileRef = 573599071F1005D100821FFA /* NetworkManager.swift */; };
		5735990D1F10073B00821FFA /* Constants.swift in Sources */ = {isa = PBXBuildFile; fileRef = 5735990C1F10073B00821FFA /* Constants.swift */; };
		5735990E1F10073B00821FFA /* Constants.swift in Sources */ = {isa = PBXBuildFile; fileRef = 5735990C1F10073B00821FFA /* Constants.swift */; };
		573599101F1007B700821FFA /* GnomeListViewModel.swift in Sources */ = {isa = PBXBuildFile; fileRef = 5735990F1F1007B700821FFA /* GnomeListViewModel.swift */; };
		573599111F1007B700821FFA /* GnomeListViewModel.swift in Sources */ = {isa = PBXBuildFile; fileRef = 5735990F1F1007B700821FFA /* GnomeListViewModel.swift */; };
		573599141F10086E00821FFA /* Customizable.swift in Sources */ = {isa = PBXBuildFile; fileRef = 573599121F10086E00821FFA /* Customizable.swift */; };
		573599151F10086E00821FFA /* Customizable.swift in Sources */ = {isa = PBXBuildFile; fileRef = 573599121F10086E00821FFA /* Customizable.swift */; };
		573599161F10086E00821FFA /* CoreDataProtocol.swift in Sources */ = {isa = PBXBuildFile; fileRef = 573599131F10086E00821FFA /* CoreDataProtocol.swift */; };
		573599171F10086E00821FFA /* CoreDataProtocol.swift in Sources */ = {isa = PBXBuildFile; fileRef = 573599131F10086E00821FFA /* CoreDataProtocol.swift */; };
		573599191F1008B900821FFA /* UIColor+Default.swift in Sources */ = {isa = PBXBuildFile; fileRef = 573599181F1008B900821FFA /* UIColor+Default.swift */; };
		5735991A1F1008B900821FFA /* UIColor+Default.swift in Sources */ = {isa = PBXBuildFile; fileRef = 573599181F1008B900821FFA /* UIColor+Default.swift */; };
		5742ADF61F13DEE1009E48B1 /* ProfessionTests.swift in Sources */ = {isa = PBXBuildFile; fileRef = 5742ADF51F13DEE1009E48B1 /* ProfessionTests.swift */; };
		5748CBFF1F13FC2300FDC175 /* Profession+Methods.swift in Sources */ = {isa = PBXBuildFile; fileRef = 57E050141F13283E002008AC /* Profession+Methods.swift */; };
		5748CC021F1469A400FDC175 /* SpyGnomeListView.swift in Sources */ = {isa = PBXBuildFile; fileRef = 5748CC011F1469A400FDC175 /* SpyGnomeListView.swift */; };
		57DA986A1F100154004FCACD /* AppDelegate.swift in Sources */ = {isa = PBXBuildFile; fileRef = 57DA98691F100154004FCACD /* AppDelegate.swift */; };
		57DA986C1F100154004FCACD /* GnomeListView.swift in Sources */ = {isa = PBXBuildFile; fileRef = 57DA986B1F100154004FCACD /* GnomeListView.swift */; };
		57DA986F1F100154004FCACD /* Main.storyboard in Resources */ = {isa = PBXBuildFile; fileRef = 57DA986D1F100154004FCACD /* Main.storyboard */; };
		57DA98711F100154004FCACD /* Assets.xcassets in Resources */ = {isa = PBXBuildFile; fileRef = 57DA98701F100154004FCACD /* Assets.xcassets */; };
		57DA98741F100154004FCACD /* LaunchScreen.storyboard in Resources */ = {isa = PBXBuildFile; fileRef = 57DA98721F100154004FCACD /* LaunchScreen.storyboard */; };
		57E050121F12F96C002008AC /* ObjectHelper.swift in Sources */ = {isa = PBXBuildFile; fileRef = 57E050111F12F96C002008AC /* ObjectHelper.swift */; };
		57E050151F13283E002008AC /* Profession+Methods.swift in Sources */ = {isa = PBXBuildFile; fileRef = 57E050141F13283E002008AC /* Profession+Methods.swift */; };
		57E6A3E61F154134002F33D6 /* CellProtocol.swift in Sources */ = {isa = PBXBuildFile; fileRef = 57E6A3E51F154134002F33D6 /* CellProtocol.swift */; };
		57E6A3E71F1542AE002F33D6 /* CellProtocol.swift in Sources */ = {isa = PBXBuildFile; fileRef = 57E6A3E51F154134002F33D6 /* CellProtocol.swift */; };
		57E6A3E91F1542D9002F33D6 /* CellProtocolTests.swift in Sources */ = {isa = PBXBuildFile; fileRef = 57E6A3E81F1542D9002F33D6 /* CellProtocolTests.swift */; };
		57E6A3EC1F15462D002F33D6 /* MockTableViewCell.swift in Sources */ = {isa = PBXBuildFile; fileRef = 57E6A3EA1F15462D002F33D6 /* MockTableViewCell.swift */; };
		57E6A3ED1F15462D002F33D6 /* MockTableViewCell.xib in Resources */ = {isa = PBXBuildFile; fileRef = 57E6A3EB1F15462D002F33D6 /* MockTableViewCell.xib */; };
		57E6A3EF1F155AE3002F33D6 /* UIImage+Default.swift in Sources */ = {isa = PBXBuildFile; fileRef = 57E6A3EE1F155AE3002F33D6 /* UIImage+Default.swift */; };
		57E6A3F11F156D3B002F33D6 /* MockCoreDataStack.swift in Sources */ = {isa = PBXBuildFile; fileRef = 57E6A3F01F156D3B002F33D6 /* MockCoreDataStack.swift */; };
		57E6A3F31F156DBF002F33D6 /* MockGnome.swift in Sources */ = {isa = PBXBuildFile; fileRef = 57E6A3F21F156DBF002F33D6 /* MockGnome.swift */; };
		57E6A4011F157BC3002F33D6 /* UINavigationController+ExtendedView.swift in Sources */ = {isa = PBXBuildFile; fileRef = 57E6A4001F157BC3002F33D6 /* UINavigationController+ExtendedView.swift */; };
		57E6A4031F15A2CC002F33D6 /* UIImageView+Networking.swift in Sources */ = {isa = PBXBuildFile; fileRef = 57E6A4021F15A2CC002F33D6 /* UIImageView+Networking.swift */; };
		57E6A4041F15C202002F33D6 /* GnomeCell.swift in Sources */ = {isa = PBXBuildFile; fileRef = 5733FFEF1F14873F002573F0 /* GnomeCell.swift */; };
		57E6A4051F15C28C002F33D6 /* UIImage+Default.swift in Sources */ = {isa = PBXBuildFile; fileRef = 57E6A3EE1F155AE3002F33D6 /* UIImage+Default.swift */; };
		57E6A4061F15C28C002F33D6 /* UIImageView+Networking.swift in Sources */ = {isa = PBXBuildFile; fileRef = 57E6A4021F15A2CC002F33D6 /* UIImageView+Networking.swift */; };
		7E4F7DAC5659EE4F40DA1CCA /* Pods_altran_challengeTests.framework in Frameworks */ = {isa = PBXBuildFile; fileRef = 32C88D6B07C6CA62F65B23FF /* Pods_altran_challengeTests.framework */; };
		CE79D53B5A625DA7ABC0D023 /* Pods_altran_challenge.framework in Frameworks */ = {isa = PBXBuildFile; fileRef = 688EAEAEFF4C76E46F171DE3 /* Pods_altran_challenge.framework */; };
/* End PBXBuildFile section */

/* Begin PBXContainerItemProxy section */
		57DA987B1F100154004FCACD /* PBXContainerItemProxy */ = {
			isa = PBXContainerItemProxy;
			containerPortal = 57DA985E1F100154004FCACD /* Project object */;
			proxyType = 1;
			remoteGlobalIDString = 57DA98651F100154004FCACD;
			remoteInfo = altran_challenge;
		};
/* End PBXContainerItemProxy section */

/* Begin PBXFileReference section */
		09089EC7C92A8F1A0536CB94 /* Pods-altran_challengeTests.release.xcconfig */ = {isa = PBXFileReference; includeInIndex = 1; lastKnownFileType = text.xcconfig; name = "Pods-altran_challengeTests.release.xcconfig"; path = "Pods/Target Support Files/Pods-altran_challengeTests/Pods-altran_challengeTests.release.xcconfig"; sourceTree = "<group>"; };
		32C88D6B07C6CA62F65B23FF /* Pods_altran_challengeTests.framework */ = {isa = PBXFileReference; explicitFileType = wrapper.framework; includeInIndex = 0; path = Pods_altran_challengeTests.framework; sourceTree = BUILT_PRODUCTS_DIR; };
		3A3E8D23BB020031492008EC /* Pods-altran_challengeTests.debug.xcconfig */ = {isa = PBXFileReference; includeInIndex = 1; lastKnownFileType = text.xcconfig; name = "Pods-altran_challengeTests.debug.xcconfig"; path = "Pods/Target Support Files/Pods-altran_challengeTests/Pods-altran_challengeTests.debug.xcconfig"; sourceTree = "<group>"; };
		5713A6421F12A4C90096F0FE /* Generator.swift */ = {isa = PBXFileReference; fileEncoding = 4; lastKnownFileType = sourcecode.swift; path = Generator.swift; sourceTree = "<group>"; };
		5713A6451F12A73C0096F0FE /* GeneratorTests.swift */ = {isa = PBXFileReference; fileEncoding = 4; lastKnownFileType = sourcecode.swift; path = GeneratorTests.swift; sourceTree = "<group>"; };
		5713A6471F12AB240096F0FE /* Gnome+Methods.swift */ = {isa = PBXFileReference; fileEncoding = 4; lastKnownFileType = sourcecode.swift; path = "Gnome+Methods.swift"; sourceTree = "<group>"; };
		5713A64A1F12AF060096F0FE /* GnomeTests.swift */ = {isa = PBXFileReference; fileEncoding = 4; lastKnownFileType = sourcecode.swift; path = GnomeTests.swift; sourceTree = "<group>"; };
		5713A64C1F12C9A30096F0FE /* GnomeListViewModelTests.swift */ = {isa = PBXFileReference; fileEncoding = 4; lastKnownFileType = sourcecode.swift; path = GnomeListViewModelTests.swift; sourceTree = "<group>"; };
		5713A64F1F12CB290096F0FE /* NSManagedObjectContext+Default.swift */ = {isa = PBXFileReference; fileEncoding = 4; lastKnownFileType = sourcecode.swift; path = "NSManagedObjectContext+Default.swift"; sourceTree = "<group>"; };
		5733FFEF1F14873F002573F0 /* GnomeCell.swift */ = {isa = PBXFileReference; fileEncoding = 4; lastKnownFileType = sourcecode.swift; path = GnomeCell.swift; sourceTree = "<group>"; };
		5733FFF01F14873F002573F0 /* GnomeCell.xib */ = {isa = PBXFileReference; fileEncoding = 4; lastKnownFileType = file.xib; path = GnomeCell.xib; sourceTree = "<group>"; };
		573598FD1F1004B900821FFA /* CoreData.framework */ = {isa = PBXFileReference; lastKnownFileType = wrapper.framework; name = CoreData.framework; path = System/Library/Frameworks/CoreData.framework; sourceTree = SDKROOT; };
		573599011F1004F400821FFA /* Model.xcdatamodel */ = {isa = PBXFileReference; lastKnownFileType = wrapper.xcdatamodel; path = Model.xcdatamodel; sourceTree = "<group>"; };
		573599061F1005D100821FFA /* CoreDataStack.swift */ = {isa = PBXFileReference; fileEncoding = 4; lastKnownFileType = sourcecode.swift; path = CoreDataStack.swift; sourceTree = "<group>"; };
		573599071F1005D100821FFA /* NetworkManager.swift */ = {isa = PBXFileReference; fileEncoding = 4; lastKnownFileType = sourcecode.swift; path = NetworkManager.swift; sourceTree = "<group>"; };
		5735990C1F10073B00821FFA /* Constants.swift */ = {isa = PBXFileReference; fileEncoding = 4; lastKnownFileType = sourcecode.swift; path = Constants.swift; sourceTree = "<group>"; };
		5735990F1F1007B700821FFA /* GnomeListViewModel.swift */ = {isa = PBXFileReference; fileEncoding = 4; lastKnownFileType = sourcecode.swift; path = GnomeListViewModel.swift; sourceTree = "<group>"; };
		573599121F10086E00821FFA /* Customizable.swift */ = {isa = PBXFileReference; fileEncoding = 4; lastKnownFileType = sourcecode.swift; path = Customizable.swift; sourceTree = "<group>"; };
		573599131F10086E00821FFA /* CoreDataProtocol.swift */ = {isa = PBXFileReference; fileEncoding = 4; lastKnownFileType = sourcecode.swift; path = CoreDataProtocol.swift; sourceTree = "<group>"; };
		573599181F1008B900821FFA /* UIColor+Default.swift */ = {isa = PBXFileReference; fileEncoding = 4; lastKnownFileType = sourcecode.swift; path = "UIColor+Default.swift"; sourceTree = "<group>"; };
		5742ADF51F13DEE1009E48B1 /* ProfessionTests.swift */ = {isa = PBXFileReference; fileEncoding = 4; lastKnownFileType = sourcecode.swift; path = ProfessionTests.swift; sourceTree = "<group>"; };
		5748CC011F1469A400FDC175 /* SpyGnomeListView.swift */ = {isa = PBXFileReference; fileEncoding = 4; lastKnownFileType = sourcecode.swift; path = SpyGnomeListView.swift; sourceTree = "<group>"; };
		57DA98661F100154004FCACD /* altran_challenge.app */ = {isa = PBXFileReference; explicitFileType = wrapper.application; includeInIndex = 0; path = altran_challenge.app; sourceTree = BUILT_PRODUCTS_DIR; };
		57DA98691F100154004FCACD /* AppDelegate.swift */ = {isa = PBXFileReference; lastKnownFileType = sourcecode.swift; path = AppDelegate.swift; sourceTree = "<group>"; };
		57DA986B1F100154004FCACD /* GnomeListView.swift */ = {isa = PBXFileReference; lastKnownFileType = sourcecode.swift; path = GnomeListView.swift; sourceTree = "<group>"; };
		57DA986E1F100154004FCACD /* Base */ = {isa = PBXFileReference; lastKnownFileType = file.storyboard; name = Base; path = Base.lproj/Main.storyboard; sourceTree = "<group>"; };
		57DA98701F100154004FCACD /* Assets.xcassets */ = {isa = PBXFileReference; lastKnownFileType = folder.assetcatalog; path = Assets.xcassets; sourceTree = "<group>"; };
		57DA98731F100154004FCACD /* Base */ = {isa = PBXFileReference; lastKnownFileType = file.storyboard; name = Base; path = Base.lproj/LaunchScreen.storyboard; sourceTree = "<group>"; };
		57DA98751F100154004FCACD /* Info.plist */ = {isa = PBXFileReference; lastKnownFileType = text.plist.xml; path = Info.plist; sourceTree = "<group>"; };
		57DA987A1F100154004FCACD /* altran_challengeTests.xctest */ = {isa = PBXFileReference; explicitFileType = wrapper.cfbundle; includeInIndex = 0; path = altran_challengeTests.xctest; sourceTree = BUILT_PRODUCTS_DIR; };
		57DA98801F100154004FCACD /* Info.plist */ = {isa = PBXFileReference; lastKnownFileType = text.plist.xml; path = Info.plist; sourceTree = "<group>"; };
		57E050111F12F96C002008AC /* ObjectHelper.swift */ = {isa = PBXFileReference; fileEncoding = 4; lastKnownFileType = sourcecode.swift; path = ObjectHelper.swift; sourceTree = "<group>"; };
		57E050141F13283E002008AC /* Profession+Methods.swift */ = {isa = PBXFileReference; fileEncoding = 4; lastKnownFileType = sourcecode.swift; path = "Profession+Methods.swift"; sourceTree = "<group>"; };
		57E6A3E51F154134002F33D6 /* CellProtocol.swift */ = {isa = PBXFileReference; fileEncoding = 4; lastKnownFileType = sourcecode.swift; path = CellProtocol.swift; sourceTree = "<group>"; };
		57E6A3E81F1542D9002F33D6 /* CellProtocolTests.swift */ = {isa = PBXFileReference; fileEncoding = 4; lastKnownFileType = sourcecode.swift; path = CellProtocolTests.swift; sourceTree = "<group>"; };
		57E6A3EA1F15462D002F33D6 /* MockTableViewCell.swift */ = {isa = PBXFileReference; fileEncoding = 4; lastKnownFileType = sourcecode.swift; path = MockTableViewCell.swift; sourceTree = "<group>"; };
		57E6A3EB1F15462D002F33D6 /* MockTableViewCell.xib */ = {isa = PBXFileReference; fileEncoding = 4; lastKnownFileType = file.xib; path = MockTableViewCell.xib; sourceTree = "<group>"; };
		57E6A3EE1F155AE3002F33D6 /* UIImage+Default.swift */ = {isa = PBXFileReference; fileEncoding = 4; lastKnownFileType = sourcecode.swift; path = "UIImage+Default.swift"; sourceTree = "<group>"; };
		57E6A3F01F156D3B002F33D6 /* MockCoreDataStack.swift */ = {isa = PBXFileReference; fileEncoding = 4; lastKnownFileType = sourcecode.swift; path = MockCoreDataStack.swift; sourceTree = "<group>"; };
		57E6A3F21F156DBF002F33D6 /* MockGnome.swift */ = {isa = PBXFileReference; fileEncoding = 4; lastKnownFileType = sourcecode.swift; path = MockGnome.swift; sourceTree = "<group>"; };
		57E6A3F41F1573FB002F33D6 /* AlamofireImage.framework */ = {isa = PBXFileReference; lastKnownFileType = wrapper.framework; name = AlamofireImage.framework; path = "../../Library/Developer/Xcode/DerivedData/altran_challenge-fgzhmbihlyrobuejmwfqigtpkwtb/Build/Products/Debug-iphonesimulator/AlamofireImage/AlamofireImage.framework"; sourceTree = "<group>"; };
		57E6A3F61F15740F002F33D6 /* Alamofire.framework */ = {isa = PBXFileReference; lastKnownFileType = wrapper.framework; name = Alamofire.framework; path = "../../Library/Developer/Xcode/DerivedData/altran_challenge-fgzhmbihlyrobuejmwfqigtpkwtb/Build/Products/Debug-iphonesimulator/Alamofire/Alamofire.framework"; sourceTree = "<group>"; };
		57E6A4001F157BC3002F33D6 /* UINavigationController+ExtendedView.swift */ = {isa = PBXFileReference; fileEncoding = 4; lastKnownFileType = sourcecode.swift; path = "UINavigationController+ExtendedView.swift"; sourceTree = "<group>"; };
		57E6A4021F15A2CC002F33D6 /* UIImageView+Networking.swift */ = {isa = PBXFileReference; fileEncoding = 4; lastKnownFileType = sourcecode.swift; path = "UIImageView+Networking.swift"; sourceTree = "<group>"; };
		688EAEAEFF4C76E46F171DE3 /* Pods_altran_challenge.framework */ = {isa = PBXFileReference; explicitFileType = wrapper.framework; includeInIndex = 0; path = Pods_altran_challenge.framework; sourceTree = BUILT_PRODUCTS_DIR; };
		AEB8891DCCE4ADF0EB817A98 /* Pods-altran_challenge.release.xcconfig */ = {isa = PBXFileReference; includeInIndex = 1; lastKnownFileType = text.xcconfig; name = "Pods-altran_challenge.release.xcconfig"; path = "Pods/Target Support Files/Pods-altran_challenge/Pods-altran_challenge.release.xcconfig"; sourceTree = "<group>"; };
		F4E1E826A027B55B33330A61 /* Pods-altran_challenge.debug.xcconfig */ = {isa = PBXFileReference; includeInIndex = 1; lastKnownFileType = text.xcconfig; name = "Pods-altran_challenge.debug.xcconfig"; path = "Pods/Target Support Files/Pods-altran_challenge/Pods-altran_challenge.debug.xcconfig"; sourceTree = "<group>"; };
/* End PBXFileReference section */

/* Begin PBXFrameworksBuildPhase section */
		57DA98631F100154004FCACD /* Frameworks */ = {
			isa = PBXFrameworksBuildPhase;
			buildActionMask = 2147483647;
			files = (
				573598FE1F1004B900821FFA /* CoreData.framework in Frameworks */,
				CE79D53B5A625DA7ABC0D023 /* Pods_altran_challenge.framework in Frameworks */,
			);
			runOnlyForDeploymentPostprocessing = 0;
		};
		57DA98771F100154004FCACD /* Frameworks */ = {
			isa = PBXFrameworksBuildPhase;
			buildActionMask = 2147483647;
			files = (
				7E4F7DAC5659EE4F40DA1CCA /* Pods_altran_challengeTests.framework in Frameworks */,
			);
			runOnlyForDeploymentPostprocessing = 0;
		};
/* End PBXFrameworksBuildPhase section */

/* Begin PBXGroup section */
		5713A6411F12A4990096F0FE /* Helpers */ = {
			isa = PBXGroup;
			children = (
				5713A6421F12A4C90096F0FE /* Generator.swift */,
			);
			name = Helpers;
			sourceTree = "<group>";
		};
		5713A64E1F12CA0E0096F0FE /* Mocks */ = {
			isa = PBXGroup;
			children = (
				57E6A3EA1F15462D002F33D6 /* MockTableViewCell.swift */,
				57E6A3EB1F15462D002F33D6 /* MockTableViewCell.xib */,
				57E6A3F01F156D3B002F33D6 /* MockCoreDataStack.swift */,
				57E6A3F21F156DBF002F33D6 /* MockGnome.swift */,
			);
			name = Mocks;
			sourceTree = "<group>";
		};
		573598F41F1003FE00821FFA /* ViewModel */ = {
			isa = PBXGroup;
			children = (
				5735990F1F1007B700821FFA /* GnomeListViewModel.swift */,
			);
			name = ViewModel;
			sourceTree = "<group>";
		};
		573598F51F10040400821FFA /* Model */ = {
			isa = PBXGroup;
			children = (
				573599001F1004F400821FFA /* Model.xcdatamodeld */,
				5713A6471F12AB240096F0FE /* Gnome+Methods.swift */,
				57E050141F13283E002008AC /* Profession+Methods.swift */,
			);
			name = Model;
			sourceTree = "<group>";
		};
		573598F61F10040F00821FFA /* ViewControllers */ = {
			isa = PBXGroup;
			children = (
				57DA986B1F100154004FCACD /* GnomeListView.swift */,
			);
			name = ViewControllers;
			sourceTree = "<group>";
		};
		573598F71F10041700821FFA /* Extensions */ = {
			isa = PBXGroup;
			children = (
				573599181F1008B900821FFA /* UIColor+Default.swift */,
				5713A64F1F12CB290096F0FE /* NSManagedObjectContext+Default.swift */,
				57E6A3EE1F155AE3002F33D6 /* UIImage+Default.swift */,
				57E6A4001F157BC3002F33D6 /* UINavigationController+ExtendedView.swift */,
				57E6A4021F15A2CC002F33D6 /* UIImageView+Networking.swift */,
			);
			name = Extensions;
			sourceTree = "<group>";
		};
		573598F81F10041D00821FFA /* Protocols */ = {
			isa = PBXGroup;
			children = (
				573599121F10086E00821FFA /* Customizable.swift */,
				573599131F10086E00821FFA /* CoreDataProtocol.swift */,
				57E6A3E51F154134002F33D6 /* CellProtocol.swift */,
			);
			name = Protocols;
			sourceTree = "<group>";
		};
		573598F91F10042500821FFA /* Core */ = {
			isa = PBXGroup;
			children = (
				57DA98691F100154004FCACD /* AppDelegate.swift */,
				573599061F1005D100821FFA /* CoreDataStack.swift */,
				573599071F1005D100821FFA /* NetworkManager.swift */,
			);
			name = Core;
			sourceTree = "<group>";
		};
		573599041F10055B00821FFA /* Constants */ = {
			isa = PBXGroup;
			children = (
				5735990C1F10073B00821FFA /* Constants.swift */,
			);
			name = Constants;
			sourceTree = "<group>";
		};
		573599051F10057000821FFA /* UI */ = {
			isa = PBXGroup;
			children = (
				5748CC031F14779F00FDC175 /* Cell */,
				57DA986D1F100154004FCACD /* Main.storyboard */,
				57DA98721F100154004FCACD /* LaunchScreen.storyboard */,
			);
			name = UI;
			sourceTree = "<group>";
		};
		5748CC001F14697E00FDC175 /* Spy */ = {
			isa = PBXGroup;
			children = (
				5748CC011F1469A400FDC175 /* SpyGnomeListView.swift */,
			);
			name = Spy;
			sourceTree = "<group>";
		};
		5748CC031F14779F00FDC175 /* Cell */ = {
			isa = PBXGroup;
			children = (
				5733FFEF1F14873F002573F0 /* GnomeCell.swift */,
				5733FFF01F14873F002573F0 /* GnomeCell.xib */,
			);
			name = Cell;
			sourceTree = "<group>";
		};
		57DA985D1F100154004FCACD = {
			isa = PBXGroup;
			children = (
				57DA98681F100154004FCACD /* altran_challenge */,
				57DA987D1F100154004FCACD /* altran_challengeTests */,
				57DA98671F100154004FCACD /* Products */,
				9C37714CDA1F85BFEE5FDA0E /* Pods */,
				B3BE50173E23E3E0280A9E3E /* Frameworks */,
			);
			sourceTree = "<group>";
		};
		57DA98671F100154004FCACD /* Products */ = {
			isa = PBXGroup;
			children = (
				57DA98661F100154004FCACD /* altran_challenge.app */,
				57DA987A1F100154004FCACD /* altran_challengeTests.xctest */,
			);
			name = Products;
			sourceTree = "<group>";
		};
		57DA98681F100154004FCACD /* altran_challenge */ = {
			isa = PBXGroup;
			children = (
				57DA98701F100154004FCACD /* Assets.xcassets */,
				573599041F10055B00821FFA /* Constants */,
				573598F91F10042500821FFA /* Core */,
				573598F71F10041700821FFA /* Extensions */,
				5713A6411F12A4990096F0FE /* Helpers */,
				57DA98751F100154004FCACD /* Info.plist */,
				573598F51F10040400821FFA /* Model */,
				573598F81F10041D00821FFA /* Protocols */,
				573599051F10057000821FFA /* UI */,
				573598F61F10040F00821FFA /* ViewControllers */,
				573598F41F1003FE00821FFA /* ViewModel */,
			);
			path = altran_challenge;
			sourceTree = "<group>";
		};
		57DA987D1F100154004FCACD /* altran_challengeTests */ = {
			isa = PBXGroup;
			children = (
				5748CC001F14697E00FDC175 /* Spy */,
				57E050131F131BE1002008AC /* Helpers */,
				5713A64E1F12CA0E0096F0FE /* Mocks */,
				57DA98801F100154004FCACD /* Info.plist */,
				5713A6451F12A73C0096F0FE /* GeneratorTests.swift */,
				5713A64A1F12AF060096F0FE /* GnomeTests.swift */,
				5713A64C1F12C9A30096F0FE /* GnomeListViewModelTests.swift */,
				5742ADF51F13DEE1009E48B1 /* ProfessionTests.swift */,
				57E6A3E81F1542D9002F33D6 /* CellProtocolTests.swift */,
			);
			path = altran_challengeTests;
			sourceTree = "<group>";
		};
		57E050131F131BE1002008AC /* Helpers */ = {
			isa = PBXGroup;
			children = (
				57E050111F12F96C002008AC /* ObjectHelper.swift */,
			);
			name = Helpers;
			sourceTree = "<group>";
		};
		9C37714CDA1F85BFEE5FDA0E /* Pods */ = {
			isa = PBXGroup;
			children = (
				F4E1E826A027B55B33330A61 /* Pods-altran_challenge.debug.xcconfig */,
				AEB8891DCCE4ADF0EB817A98 /* Pods-altran_challenge.release.xcconfig */,
				3A3E8D23BB020031492008EC /* Pods-altran_challengeTests.debug.xcconfig */,
				09089EC7C92A8F1A0536CB94 /* Pods-altran_challengeTests.release.xcconfig */,
			);
			name = Pods;
			sourceTree = "<group>";
		};
		B3BE50173E23E3E0280A9E3E /* Frameworks */ = {
			isa = PBXGroup;
			children = (
				57E6A3F61F15740F002F33D6 /* Alamofire.framework */,
				57E6A3F41F1573FB002F33D6 /* AlamofireImage.framework */,
				573598FD1F1004B900821FFA /* CoreData.framework */,
				688EAEAEFF4C76E46F171DE3 /* Pods_altran_challenge.framework */,
				32C88D6B07C6CA62F65B23FF /* Pods_altran_challengeTests.framework */,
			);
			name = Frameworks;
			sourceTree = "<group>";
		};
/* End PBXGroup section */

/* Begin PBXNativeTarget section */
		57DA98651F100154004FCACD /* altran_challenge */ = {
			isa = PBXNativeTarget;
			buildConfigurationList = 57DA98831F100154004FCACD /* Build configuration list for PBXNativeTarget "altran_challenge" */;
			buildPhases = (
				4162AC35769BF08F2F79DFB1 /* [CP] Check Pods Manifest.lock */,
				57DA98621F100154004FCACD /* Sources */,
				57DA98631F100154004FCACD /* Frameworks */,
				57DA98641F100154004FCACD /* Resources */,
				496FC32517EEF3AEEB09F776 /* [CP] Embed Pods Frameworks */,
				956C1244E02461CF83A32119 /* [CP] Copy Pods Resources */,
			);
			buildRules = (
			);
			dependencies = (
			);
			name = altran_challenge;
			productName = altran_challenge;
			productReference = 57DA98661F100154004FCACD /* altran_challenge.app */;
			productType = "com.apple.product-type.application";
		};
		57DA98791F100154004FCACD /* altran_challengeTests */ = {
			isa = PBXNativeTarget;
			buildConfigurationList = 57DA98861F100154004FCACD /* Build configuration list for PBXNativeTarget "altran_challengeTests" */;
			buildPhases = (
				71ACCBEC71F3DBF9A476000C /* [CP] Check Pods Manifest.lock */,
				57DA98761F100154004FCACD /* Sources */,
				57DA98771F100154004FCACD /* Frameworks */,
				57DA98781F100154004FCACD /* Resources */,
				D3897991AFDC677A8C62C15F /* [CP] Embed Pods Frameworks */,
				6BFC78DA5FCEFF6F1550D93E /* [CP] Copy Pods Resources */,
			);
			buildRules = (
			);
			dependencies = (
				57DA987C1F100154004FCACD /* PBXTargetDependency */,
			);
			name = altran_challengeTests;
			productName = altran_challengeTests;
			productReference = 57DA987A1F100154004FCACD /* altran_challengeTests.xctest */;
			productType = "com.apple.product-type.bundle.unit-test";
		};
/* End PBXNativeTarget section */

/* Begin PBXProject section */
		57DA985E1F100154004FCACD /* Project object */ = {
			isa = PBXProject;
			attributes = {
				LastSwiftUpdateCheck = 0830;
				LastUpgradeCheck = 0830;
				TargetAttributes = {
					57DA98651F100154004FCACD = {
						CreatedOnToolsVersion = 8.3.3;
						DevelopmentTeam = 9NM4DLTS84;
						ProvisioningStyle = Automatic;
					};
					57DA98791F100154004FCACD = {
						CreatedOnToolsVersion = 8.3.3;
						DevelopmentTeam = 9NM4DLTS84;
						ProvisioningStyle = Automatic;
						TestTargetID = 57DA98651F100154004FCACD;
					};
				};
			};
			buildConfigurationList = 57DA98611F100154004FCACD /* Build configuration list for PBXProject "altran_challenge" */;
			compatibilityVersion = "Xcode 3.2";
			developmentRegion = English;
			hasScannedForEncodings = 0;
			knownRegions = (
				en,
				Base,
			);
			mainGroup = 57DA985D1F100154004FCACD;
			productRefGroup = 57DA98671F100154004FCACD /* Products */;
			projectDirPath = "";
			projectRoot = "";
			targets = (
				57DA98651F100154004FCACD /* altran_challenge */,
				57DA98791F100154004FCACD /* altran_challengeTests */,
			);
		};
/* End PBXProject section */

/* Begin PBXResourcesBuildPhase section */
		57DA98641F100154004FCACD /* Resources */ = {
			isa = PBXResourcesBuildPhase;
			buildActionMask = 2147483647;
			files = (
				5733FFF31F14873F002573F0 /* GnomeCell.xib in Resources */,
				57DA98741F100154004FCACD /* LaunchScreen.storyboard in Resources */,
				57DA98711F100154004FCACD /* Assets.xcassets in Resources */,
				57DA986F1F100154004FCACD /* Main.storyboard in Resources */,
			);
			runOnlyForDeploymentPostprocessing = 0;
		};
		57DA98781F100154004FCACD /* Resources */ = {
			isa = PBXResourcesBuildPhase;
			buildActionMask = 2147483647;
			files = (
				5733FFF41F14873F002573F0 /* GnomeCell.xib in Resources */,
				57E6A3ED1F15462D002F33D6 /* MockTableViewCell.xib in Resources */,
			);
			runOnlyForDeploymentPostprocessing = 0;
		};
/* End PBXResourcesBuildPhase section */

/* Begin PBXShellScriptBuildPhase section */
		4162AC35769BF08F2F79DFB1 /* [CP] Check Pods Manifest.lock */ = {
			isa = PBXShellScriptBuildPhase;
			buildActionMask = 2147483647;
			files = (
			);
			inputPaths = (
			);
			name = "[CP] Check Pods Manifest.lock";
			outputPaths = (
			);
			runOnlyForDeploymentPostprocessing = 0;
			shellPath = /bin/sh;
			shellScript = "diff \"${PODS_ROOT}/../Podfile.lock\" \"${PODS_ROOT}/Manifest.lock\" > /dev/null\nif [ $? != 0 ] ; then\n    # print error to STDERR\n    echo \"error: The sandbox is not in sync with the Podfile.lock. Run 'pod install' or update your CocoaPods installation.\" >&2\n    exit 1\nfi\n";
			showEnvVarsInLog = 0;
		};
		496FC32517EEF3AEEB09F776 /* [CP] Embed Pods Frameworks */ = {
			isa = PBXShellScriptBuildPhase;
			buildActionMask = 2147483647;
			files = (
			);
			inputPaths = (
			);
			name = "[CP] Embed Pods Frameworks";
			outputPaths = (
			);
			runOnlyForDeploymentPostprocessing = 0;
			shellPath = /bin/sh;
			shellScript = "\"${SRCROOT}/Pods/Target Support Files/Pods-altran_challenge/Pods-altran_challenge-frameworks.sh\"\n";
			showEnvVarsInLog = 0;
		};
		6BFC78DA5FCEFF6F1550D93E /* [CP] Copy Pods Resources */ = {
			isa = PBXShellScriptBuildPhase;
			buildActionMask = 2147483647;
			files = (
			);
			inputPaths = (
			);
			name = "[CP] Copy Pods Resources";
			outputPaths = (
			);
			runOnlyForDeploymentPostprocessing = 0;
			shellPath = /bin/sh;
			shellScript = "\"${SRCROOT}/Pods/Target Support Files/Pods-altran_challengeTests/Pods-altran_challengeTests-resources.sh\"\n";
			showEnvVarsInLog = 0;
		};
		71ACCBEC71F3DBF9A476000C /* [CP] Check Pods Manifest.lock */ = {
			isa = PBXShellScriptBuildPhase;
			buildActionMask = 2147483647;
			files = (
			);
			inputPaths = (
			);
			name = "[CP] Check Pods Manifest.lock";
			outputPaths = (
			);
			runOnlyForDeploymentPostprocessing = 0;
			shellPath = /bin/sh;
			shellScript = "diff \"${PODS_ROOT}/../Podfile.lock\" \"${PODS_ROOT}/Manifest.lock\" > /dev/null\nif [ $? != 0 ] ; then\n    # print error to STDERR\n    echo \"error: The sandbox is not in sync with the Podfile.lock. Run 'pod install' or update your CocoaPods installation.\" >&2\n    exit 1\nfi\n";
			showEnvVarsInLog = 0;
		};
		956C1244E02461CF83A32119 /* [CP] Copy Pods Resources */ = {
			isa = PBXShellScriptBuildPhase;
			buildActionMask = 2147483647;
			files = (
			);
			inputPaths = (
			);
			name = "[CP] Copy Pods Resources";
			outputPaths = (
			);
			runOnlyForDeploymentPostprocessing = 0;
			shellPath = /bin/sh;
			shellScript = "\"${SRCROOT}/Pods/Target Support Files/Pods-altran_challenge/Pods-altran_challenge-resources.sh\"\n";
			showEnvVarsInLog = 0;
		};
		D3897991AFDC677A8C62C15F /* [CP] Embed Pods Frameworks */ = {
			isa = PBXShellScriptBuildPhase;
			buildActionMask = 2147483647;
			files = (
			);
			inputPaths = (
			);
			name = "[CP] Embed Pods Frameworks";
			outputPaths = (
			);
			runOnlyForDeploymentPostprocessing = 0;
			shellPath = /bin/sh;
			shellScript = "\"${SRCROOT}/Pods/Target Support Files/Pods-altran_challengeTests/Pods-altran_challengeTests-frameworks.sh\"\n";
			showEnvVarsInLog = 0;
		};
/* End PBXShellScriptBuildPhase section */

/* Begin PBXSourcesBuildPhase section */
		57DA98621F100154004FCACD /* Sources */ = {
			isa = PBXSourcesBuildPhase;
			buildActionMask = 2147483647;
			files = (
				5713A6501F12CB290096F0FE /* NSManagedObjectContext+Default.swift in Sources */,
				573599141F10086E00821FFA /* Customizable.swift in Sources */,
				57E050151F13283E002008AC /* Profession+Methods.swift in Sources */,
				57E6A4031F15A2CC002F33D6 /* UIImageView+Networking.swift in Sources */,
				57E6A4011F157BC3002F33D6 /* UINavigationController+ExtendedView.swift in Sources */,
				5713A6431F12A4C90096F0FE /* Generator.swift in Sources */,
				57E6A3EF1F155AE3002F33D6 /* UIImage+Default.swift in Sources */,
				5733FFF11F14873F002573F0 /* GnomeCell.swift in Sources */,
				57E6A3E61F154134002F33D6 /* CellProtocol.swift in Sources */,
				57DA986C1F100154004FCACD /* GnomeListView.swift in Sources */,
				57DA986A1F100154004FCACD /* AppDelegate.swift in Sources */,
				5735990A1F1005D100821FFA /* NetworkManager.swift in Sources */,
				573599191F1008B900821FFA /* UIColor+Default.swift in Sources */,
				573599161F10086E00821FFA /* CoreDataProtocol.swift in Sources */,
				573599021F1004F400821FFA /* Model.xcdatamodeld in Sources */,
				573599081F1005D100821FFA /* CoreDataStack.swift in Sources */,
				5735990D1F10073B00821FFA /* Constants.swift in Sources */,
				573599101F1007B700821FFA /* GnomeListViewModel.swift in Sources */,
				5713A6481F12AB240096F0FE /* Gnome+Methods.swift in Sources */,
			);
			runOnlyForDeploymentPostprocessing = 0;
		};
		57DA98761F100154004FCACD /* Sources */ = {
			isa = PBXSourcesBuildPhase;
			buildActionMask = 2147483647;
			files = (
				57E6A4051F15C28C002F33D6 /* UIImage+Default.swift in Sources */,
				57E6A4061F15C28C002F33D6 /* UIImageView+Networking.swift in Sources */,
				57E6A4041F15C202002F33D6 /* GnomeCell.swift in Sources */,
				57E6A3E71F1542AE002F33D6 /* CellProtocol.swift in Sources */,
				5748CBFF1F13FC2300FDC175 /* Profession+Methods.swift in Sources */,
				5713A64B1F12AF060096F0FE /* GnomeTests.swift in Sources */,
				5735990E1F10073B00821FFA /* Constants.swift in Sources */,
				5713A64D1F12C9A30096F0FE /* GnomeListViewModelTests.swift in Sources */,
				5735990B1F1005D100821FFA /* NetworkManager.swift in Sources */,
				57E050121F12F96C002008AC /* ObjectHelper.swift in Sources */,
				573599091F1005D100821FFA /* CoreDataStack.swift in Sources */,
				5713A6461F12A73C0096F0FE /* GeneratorTests.swift in Sources */,
				5735991A1F1008B900821FFA /* UIColor+Default.swift in Sources */,
				57E6A3F31F156DBF002F33D6 /* MockGnome.swift in Sources */,
				573599111F1007B700821FFA /* GnomeListViewModel.swift in Sources */,
				5713A6441F12A4C90096F0FE /* Generator.swift in Sources */,
				573599151F10086E00821FFA /* Customizable.swift in Sources */,
				57E6A3E91F1542D9002F33D6 /* CellProtocolTests.swift in Sources */,
				5748CC021F1469A400FDC175 /* SpyGnomeListView.swift in Sources */,
				5742ADF61F13DEE1009E48B1 /* ProfessionTests.swift in Sources */,
				57E6A3EC1F15462D002F33D6 /* MockTableViewCell.swift in Sources */,
				573599171F10086E00821FFA /* CoreDataProtocol.swift in Sources */,
				5713A6511F12CB290096F0FE /* NSManagedObjectContext+Default.swift in Sources */,
				57E6A3F11F156D3B002F33D6 /* MockCoreDataStack.swift in Sources */,
				5713A6491F12AB240096F0FE /* Gnome+Methods.swift in Sources */,
				573599031F1004F400821FFA /* Model.xcdatamodeld in Sources */,
			);
			runOnlyForDeploymentPostprocessing = 0;
		};
/* End PBXSourcesBuildPhase section */

/* Begin PBXTargetDependency section */
		57DA987C1F100154004FCACD /* PBXTargetDependency */ = {
			isa = PBXTargetDependency;
			target = 57DA98651F100154004FCACD /* altran_challenge */;
			targetProxy = 57DA987B1F100154004FCACD /* PBXContainerItemProxy */;
		};
/* End PBXTargetDependency section */

/* Begin PBXVariantGroup section */
		57DA986D1F100154004FCACD /* Main.storyboard */ = {
			isa = PBXVariantGroup;
			children = (
				57DA986E1F100154004FCACD /* Base */,
			);
			name = Main.storyboard;
			sourceTree = "<group>";
		};
		57DA98721F100154004FCACD /* LaunchScreen.storyboard */ = {
			isa = PBXVariantGroup;
			children = (
				57DA98731F100154004FCACD /* Base */,
			);
			name = LaunchScreen.storyboard;
			sourceTree = "<group>";
		};
/* End PBXVariantGroup section */

/* Begin XCBuildConfiguration section */
		57DA98811F100154004FCACD /* Debug */ = {
			isa = XCBuildConfiguration;
			buildSettings = {
				ALWAYS_SEARCH_USER_PATHS = NO;
				CLANG_ANALYZER_NONNULL = YES;
				CLANG_ANALYZER_NUMBER_OBJECT_CONVERSION = YES_AGGRESSIVE;
				CLANG_CXX_LANGUAGE_STANDARD = "gnu++0x";
				CLANG_CXX_LIBRARY = "libc++";
				CLANG_ENABLE_MODULES = YES;
				CLANG_ENABLE_OBJC_ARC = YES;
				CLANG_WARN_BOOL_CONVERSION = YES;
				CLANG_WARN_CONSTANT_CONVERSION = YES;
				CLANG_WARN_DIRECT_OBJC_ISA_USAGE = YES_ERROR;
				CLANG_WARN_DOCUMENTATION_COMMENTS = YES;
				CLANG_WARN_EMPTY_BODY = YES;
				CLANG_WARN_ENUM_CONVERSION = YES;
				CLANG_WARN_INFINITE_RECURSION = YES;
				CLANG_WARN_INT_CONVERSION = YES;
				CLANG_WARN_OBJC_ROOT_CLASS = YES_ERROR;
				CLANG_WARN_SUSPICIOUS_MOVE = YES;
				CLANG_WARN_UNREACHABLE_CODE = YES;
				CLANG_WARN__DUPLICATE_METHOD_MATCH = YES;
				"CODE_SIGN_IDENTITY[sdk=iphoneos*]" = "iPhone Developer";
				COPY_PHASE_STRIP = NO;
				DEBUG_INFORMATION_FORMAT = dwarf;
				ENABLE_STRICT_OBJC_MSGSEND = YES;
				ENABLE_TESTABILITY = YES;
				GCC_C_LANGUAGE_STANDARD = gnu99;
				GCC_DYNAMIC_NO_PIC = NO;
				GCC_NO_COMMON_BLOCKS = YES;
				GCC_OPTIMIZATION_LEVEL = 0;
				GCC_PREPROCESSOR_DEFINITIONS = (
					"DEBUG=1",
					"$(inherited)",
				);
				GCC_WARN_64_TO_32_BIT_CONVERSION = YES;
				GCC_WARN_ABOUT_RETURN_TYPE = YES_ERROR;
				GCC_WARN_UNDECLARED_SELECTOR = YES;
				GCC_WARN_UNINITIALIZED_AUTOS = YES_AGGRESSIVE;
				GCC_WARN_UNUSED_FUNCTION = YES;
				GCC_WARN_UNUSED_VARIABLE = YES;
				IPHONEOS_DEPLOYMENT_TARGET = 10.3;
				MTL_ENABLE_DEBUG_INFO = YES;
				ONLY_ACTIVE_ARCH = YES;
				SDKROOT = iphoneos;
				SWIFT_ACTIVE_COMPILATION_CONDITIONS = DEBUG;
				SWIFT_OPTIMIZATION_LEVEL = "-Onone";
			};
			name = Debug;
		};
		57DA98821F100154004FCACD /* Release */ = {
			isa = XCBuildConfiguration;
			buildSettings = {
				ALWAYS_SEARCH_USER_PATHS = NO;
				CLANG_ANALYZER_NONNULL = YES;
				CLANG_ANALYZER_NUMBER_OBJECT_CONVERSION = YES_AGGRESSIVE;
				CLANG_CXX_LANGUAGE_STANDARD = "gnu++0x";
				CLANG_CXX_LIBRARY = "libc++";
				CLANG_ENABLE_MODULES = YES;
				CLANG_ENABLE_OBJC_ARC = YES;
				CLANG_WARN_BOOL_CONVERSION = YES;
				CLANG_WARN_CONSTANT_CONVERSION = YES;
				CLANG_WARN_DIRECT_OBJC_ISA_USAGE = YES_ERROR;
				CLANG_WARN_DOCUMENTATION_COMMENTS = YES;
				CLANG_WARN_EMPTY_BODY = YES;
				CLANG_WARN_ENUM_CONVERSION = YES;
				CLANG_WARN_INFINITE_RECURSION = YES;
				CLANG_WARN_INT_CONVERSION = YES;
				CLANG_WARN_OBJC_ROOT_CLASS = YES_ERROR;
				CLANG_WARN_SUSPICIOUS_MOVE = YES;
				CLANG_WARN_UNREACHABLE_CODE = YES;
				CLANG_WARN__DUPLICATE_METHOD_MATCH = YES;
				"CODE_SIGN_IDENTITY[sdk=iphoneos*]" = "iPhone Developer";
				COPY_PHASE_STRIP = NO;
				DEBUG_INFORMATION_FORMAT = "dwarf-with-dsym";
				ENABLE_NS_ASSERTIONS = NO;
				ENABLE_STRICT_OBJC_MSGSEND = YES;
				GCC_C_LANGUAGE_STANDARD = gnu99;
				GCC_NO_COMMON_BLOCKS = YES;
				GCC_WARN_64_TO_32_BIT_CONVERSION = YES;
				GCC_WARN_ABOUT_RETURN_TYPE = YES_ERROR;
				GCC_WARN_UNDECLARED_SELECTOR = YES;
				GCC_WARN_UNINITIALIZED_AUTOS = YES_AGGRESSIVE;
				GCC_WARN_UNUSED_FUNCTION = YES;
				GCC_WARN_UNUSED_VARIABLE = YES;
				IPHONEOS_DEPLOYMENT_TARGET = 10.3;
				MTL_ENABLE_DEBUG_INFO = NO;
				SDKROOT = iphoneos;
				SWIFT_OPTIMIZATION_LEVEL = "-Owholemodule";
				VALIDATE_PRODUCT = YES;
			};
			name = Release;
		};
		57DA98841F100154004FCACD /* Debug */ = {
			isa = XCBuildConfiguration;
			baseConfigurationReference = F4E1E826A027B55B33330A61 /* Pods-altran_challenge.debug.xcconfig */;
			buildSettings = {
				ASSETCATALOG_COMPILER_APPICON_NAME = AppIcon;
				DEVELOPMENT_TEAM = 9NM4DLTS84;
				INFOPLIST_FILE = altran_challenge/Info.plist;
				IPHONEOS_DEPLOYMENT_TARGET = 9.0;
				LD_RUNPATH_SEARCH_PATHS = "$(inherited) @executable_path/Frameworks";
				PRODUCT_BUNDLE_IDENTIFIER = "com.David.altran-challenge";
				PRODUCT_NAME = "$(TARGET_NAME)";
				SWIFT_VERSION = 3.0;
				TARGETED_DEVICE_FAMILY = "1,2";
			};
			name = Debug;
		};
		57DA98851F100154004FCACD /* Release */ = {
			isa = XCBuildConfiguration;
			baseConfigurationReference = AEB8891DCCE4ADF0EB817A98 /* Pods-altran_challenge.release.xcconfig */;
			buildSettings = {
				ASSETCATALOG_COMPILER_APPICON_NAME = AppIcon;
				DEVELOPMENT_TEAM = 9NM4DLTS84;
				INFOPLIST_FILE = altran_challenge/Info.plist;
				IPHONEOS_DEPLOYMENT_TARGET = 9.0;
				LD_RUNPATH_SEARCH_PATHS = "$(inherited) @executable_path/Frameworks";
				PRODUCT_BUNDLE_IDENTIFIER = "com.David.altran-challenge";
				PRODUCT_NAME = "$(TARGET_NAME)";
				SWIFT_VERSION = 3.0;
				TARGETED_DEVICE_FAMILY = "1,2";
			};
			name = Release;
		};
		57DA98871F100154004FCACD /* Debug */ = {
			isa = XCBuildConfiguration;
			baseConfigurationReference = 3A3E8D23BB020031492008EC /* Pods-altran_challengeTests.debug.xcconfig */;
			buildSettings = {
				ALWAYS_EMBED_SWIFT_STANDARD_LIBRARIES = YES;
				BUNDLE_LOADER = "$(TEST_HOST)";
				DEVELOPMENT_TEAM = 9NM4DLTS84;
				INFOPLIST_FILE = altran_challengeTests/Info.plist;
				LD_RUNPATH_SEARCH_PATHS = "$(inherited) @executable_path/Frameworks @loader_path/Frameworks";
				PRODUCT_BUNDLE_IDENTIFIER = "com.David.altran-challengeTests";
				PRODUCT_NAME = "$(TARGET_NAME)";
				SWIFT_VERSION = 3.0;
				TEST_HOST = "$(BUILT_PRODUCTS_DIR)/altran_challenge.app/altran_challenge";
			};
			name = Debug;
		};
		57DA98881F100154004FCACD /* Release */ = {
			isa = XCBuildConfiguration;
			baseConfigurationReference = 09089EC7C92A8F1A0536CB94 /* Pods-altran_challengeTests.release.xcconfig */;
			buildSettings = {
				ALWAYS_EMBED_SWIFT_STANDARD_LIBRARIES = YES;
				BUNDLE_LOADER = "$(TEST_HOST)";
				DEVELOPMENT_TEAM = 9NM4DLTS84;
				INFOPLIST_FILE = altran_challengeTests/Info.plist;
				LD_RUNPATH_SEARCH_PATHS = "$(inherited) @executable_path/Frameworks @loader_path/Frameworks";
				PRODUCT_BUNDLE_IDENTIFIER = "com.David.altran-challengeTests";
				PRODUCT_NAME = "$(TARGET_NAME)";
				SWIFT_VERSION = 3.0;
				TEST_HOST = "$(BUILT_PRODUCTS_DIR)/altran_challenge.app/altran_challenge";
			};
			name = Release;
		};
/* End XCBuildConfiguration section */

/* Begin XCConfigurationList section */
		57DA98611F100154004FCACD /* Build configuration list for PBXProject "altran_challenge" */ = {
			isa = XCConfigurationList;
			buildConfigurations = (
				57DA98811F100154004FCACD /* Debug */,
				57DA98821F100154004FCACD /* Release */,
			);
			defaultConfigurationIsVisible = 0;
			defaultConfigurationName = Release;
		};
		57DA98831F100154004FCACD /* Build configuration list for PBXNativeTarget "altran_challenge" */ = {
			isa = XCConfigurationList;
			buildConfigurations = (
				57DA98841F100154004FCACD /* Debug */,
				57DA98851F100154004FCACD /* Release */,
			);
			defaultConfigurationIsVisible = 0;
			defaultConfigurationName = Release;
		};
		57DA98861F100154004FCACD /* Build configuration list for PBXNativeTarget "altran_challengeTests" */ = {
			isa = XCConfigurationList;
			buildConfigurations = (
				57DA98871F100154004FCACD /* Debug */,
				57DA98881F100154004FCACD /* Release */,
			);
			defaultConfigurationIsVisible = 0;
			defaultConfigurationName = Release;
		};
/* End XCConfigurationList section */

/* Begin XCVersionGroup section */
		573599001F1004F400821FFA /* Model.xcdatamodeld */ = {
			isa = XCVersionGroup;
			children = (
				573599011F1004F400821FFA /* Model.xcdatamodel */,
			);
			currentVersion = 573599011F1004F400821FFA /* Model.xcdatamodel */;
			path = Model.xcdatamodeld;
			sourceTree = "<group>";
			versionGroupType = wrapper.xcdatamodel;
		};
/* End XCVersionGroup section */
	};
	rootObject = 57DA985E1F100154004FCACD /* Project object */;
}
